
Microsoft Visual Studio Solution File, Format Version 12.00
# Visual Studio Version 17
VisualStudioVersion = 17.9.34622.214
MinimumVisualStudioVersion = 10.0.40219.1
Project("{FAE04EC0-301F-11D3-BF4B-00C04F79EFBC}") = "OptixMovies", "OptixMovies\OptixMovies\OptixMovies.csproj", "{751EC2DE-13DF-4236-813E-4CF03C6D0F3F}"
EndProject
Global
	GlobalSection(SolutionConfigurationPlatforms) = preSolution
		Debug|Any CPU = Debug|Any CPU
		Release|Any CPU = Release|Any CPU
	EndGlobalSection
	GlobalSection(ProjectConfigurationPlatforms) = postSolution
		{751EC2DE-13DF-4236-813E-4CF03C6D0F3F}.Debug|Any CPU.ActiveCfg = Debug|Any CPU
		{751EC2DE-13DF-4236-813E-4CF03C6D0F3F}.Debug|Any CPU.Build.0 = Debug|Any CPU
		{751EC2DE-13DF-4236-813E-4CF03C6D0F3F}.Release|Any CPU.ActiveCfg = Release|Any CPU
		{751EC2DE-13DF-4236-813E-4CF03C6D0F3F}.Release|Any CPU.Build.0 = Release|Any CPU
	EndGlobalSection
	GlobalSection(SolutionProperties) = preSolution
		HideSolutionNode = FALSE
	EndGlobalSection
	GlobalSection(ExtensibilityGlobals) = postSolution
		SolutionGuid = {ADBAC05D-D92A-43D6-B3AD-2DCDB0297D84}
	EndGlobalSection
EndGlobal
